# Generated by move; do not edit
# This file should be checked in.

[move]
version = 4

[pinned.local.MoveStdlib]
source = { git = "https://github.com/MystenLabs/sui.git", subdir = "crates/sui-framework/packages/move-stdlib", rev = "85400e2bd37b490fcd057776e700d3fdca643396" }
use_environment = "local"
manifest_digest = "C4FE4C91DE74CBF223B2E380AE40F592177D21870DC2D7EB6227D2D694E05363"
deps = {}

[pinned.local.Sui]
source = { git = "https://github.com/MystenLabs/sui.git", subdir = "crates/sui-framework/packages/sui-framework", rev = "85400e2bd37b490fcd057776e700d3fdca643396" }
use_environment = "local"
manifest_digest = "98EF265044695258DF77084171BC5CCC94248AEEC2463AF6274326433A1512BA"
deps = { MoveStdlib = "MoveStdlib" }

[pinned.local.test_secondary]
source = { root = true }
use_environment = "local"
manifest_digest = "5F75228E403340DD70556AFD567899C8C2E4BB556771AF4C11F408D875984A08"
deps = { std = "MoveStdlib", sui = "Sui" }
