# @generated by Move, please check-in and do not edit manually.

[move]
version = 3
manifest_digest = "F89A0FCECBC6F2E3052E8A0A2A38A6132A9DBB4A261ADD0B43EBDE7DE3D89BE5"
deps_digest = "F8BBB0CCB2491CA29A3DF03D6F92277A4F3574266507ACD77214D37ECA3F3082"
dependencies = [
  { id = "Sui", name = "Sui" },
]

[[move.package]]
id = "MoveStdlib"
source = { git = "https://github.com/MystenLabs/sui.git", rev = "framework/mainnet", subdir = "crates/sui-framework/packages/move-stdlib" }

[[move.package]]
id = "Sui"
source = { git = "https://github.com/MystenLabs/sui.git", rev = "framework/mainnet", subdir = "crates/sui-framework/packages/sui-framework" }

dependencies = [
  { id = "MoveStdlib", name = "MoveStdlib" },
]

[move.toolchain-version]
compiler-version = "1.57.2"
edition = "2024.beta"
flavor = "sui"

[env]

[env.local]
chain-id = "21d4a5c4"
original-published-id = "0x2aa0a9508863c2ecc9ffe8429e8b447f020bec459441adb12c94aed09c235d95"
latest-published-id = "0x2aa0a9508863c2ecc9ffe8429e8b447f020bec459441adb12c94aed09c235d95"
published-version = "1"

[env.localnet]
chain-id = "e0bd5f12"
original-published-id = "0xedaceb806d7b74a27c3acdcfb5e935f0beba9ad11f6855a474e9e49c13f2a5db"
latest-published-id = "0xedaceb806d7b74a27c3acdcfb5e935f0beba9ad11f6855a474e9e49c13f2a5db"
published-version = "1"
