# @generated by Move, please check-in and do not edit manually.

[move]
version = 3
manifest_digest = "BDDC323E29C61F6BD5B7B6FD903C48E0A6BEF887C3EEDA695950A475AF477203"
deps_digest = "04732BFEF428F74DE262001DC455D76B909EBC394B034A9A15CC095E4BDD9CEF"
dependencies = [
  { id = "Bridge", name = "Bridge" },
  { id = "CCIPTokenPool", name = "CCIPTokenPool" },
  { id = "ChainlinkCCIP", name = "ChainlinkCCIP" },
  { id = "ChainlinkManyChainMultisig", name = "ChainlinkManyChainMultisig" },
  { id = "ManagedToken", name = "ManagedToken" },
  { id = "MoveStdlib", name = "MoveStdlib" },
  { id = "Sui", name = "Sui" },
  { id = "SuiSystem", name = "SuiSystem" },
]

[[move.package]]
id = "Bridge"
source = { git = "https://github.com/MystenLabs/sui.git", rev = "209f0da8e316", subdir = "crates/sui-framework/packages/bridge" }

dependencies = [
  { id = "MoveStdlib", name = "MoveStdlib" },
  { id = "Sui", name = "Sui" },
  { id = "SuiSystem", name = "SuiSystem" },
]

[[move.package]]
id = "CCIPTokenPool"
source = { local = "../token_pool" }

dependencies = [
  { id = "Bridge", name = "Bridge" },
  { id = "ChainlinkCCIP", name = "ChainlinkCCIP" },
  { id = "MoveStdlib", name = "MoveStdlib" },
  { id = "Sui", name = "Sui" },
  { id = "SuiSystem", name = "SuiSystem" },
]

[[move.package]]
id = "ChainlinkCCIP"
source = { local = "../../ccip" }

dependencies = [
  { id = "Bridge", name = "Bridge" },
  { id = "ChainlinkManyChainMultisig", name = "ChainlinkManyChainMultisig" },
  { id = "MoveStdlib", name = "MoveStdlib" },
  { id = "Sui", name = "Sui" },
  { id = "SuiSystem", name = "SuiSystem" },
]

[[move.package]]
id = "ChainlinkManyChainMultisig"
source = { local = "../../../mcms/mcms" }

dependencies = [
  { id = "Bridge", name = "Bridge" },
  { id = "MoveStdlib", name = "MoveStdlib" },
  { id = "Sui", name = "Sui" },
  { id = "SuiSystem", name = "SuiSystem" },
]

[[move.package]]
id = "ManagedToken"
source = { local = "../../managed_token" }

dependencies = [
  { id = "Bridge", name = "Bridge" },
  { id = "ChainlinkManyChainMultisig", name = "ChainlinkManyChainMultisig" },
  { id = "MoveStdlib", name = "MoveStdlib" },
  { id = "Sui", name = "Sui" },
  { id = "SuiSystem", name = "SuiSystem" },
]

[[move.package]]
id = "MoveStdlib"
source = { git = "https://github.com/MystenLabs/sui.git", rev = "209f0da8e316", subdir = "crates/sui-framework/packages/move-stdlib" }

[[move.package]]
id = "Sui"
source = { git = "https://github.com/MystenLabs/sui.git", rev = "209f0da8e316", subdir = "crates/sui-framework/packages/sui-framework" }

dependencies = [
  { id = "MoveStdlib", name = "MoveStdlib" },
]

[[move.package]]
id = "SuiSystem"
source = { git = "https://github.com/MystenLabs/sui.git", rev = "209f0da8e316", subdir = "crates/sui-framework/packages/sui-system" }

dependencies = [
  { id = "MoveStdlib", name = "MoveStdlib" },
  { id = "Sui", name = "Sui" },
]

[move.toolchain-version]
compiler-version = "1.54.1"
edition = "2024"
flavor = "sui"
