# Generated by move; do not edit
# This file should be checked in.

[move]
version = 4

[pinned.mainnet.MoveStdlib]
source = { git = "https://github.com/MystenLabs/sui.git", subdir = "crates/sui-framework/packages/move-stdlib", rev = "d50b78880fdacb1bbde92e6974ed71a7650c1090" }
use_environment = "mainnet"
manifest_digest = "C4FE4C91DE74CBF223B2E380AE40F592177D21870DC2D7EB6227D2D694E05363"
deps = {}

[pinned.mainnet.Sui]
source = { git = "https://github.com/MystenLabs/sui.git", subdir = "crates/sui-framework/packages/sui-framework", rev = "d50b78880fdacb1bbde92e6974ed71a7650c1090" }
use_environment = "mainnet"
manifest_digest = "CD547CB1ACCE0880C835DAED2D8FFCB91D56C833AE5240D3AA5B918398263195"
deps = { MoveStdlib = "MoveStdlib" }

[pinned.mainnet.ccip]
source = { local = "../ccip" }
use_environment = "mainnet"
manifest_digest = "E9D8B5E9434F763A21B48F6C08BD745951401E596E59EE50EF7255138D641EF1"
deps = { fast_mcms = "mcms", mcms = "mcms_1", std = "MoveStdlib", sui = "Sui" }

[pinned.mainnet.ccip_malicious_receiver]
source = { root = true }
use_environment = "mainnet"
manifest_digest = "FD1DC493818A06B26039E2B0E2F927778CC7F13A774AAD87CBA30BE8441B64B6"
deps = { ccip = "ccip", std = "MoveStdlib", sui = "Sui" }

[pinned.mainnet.mcms]
source = { local = "../../mcms/fast_mcms" }
use_environment = "mainnet"
manifest_digest = "E41BBD67BE8940D26C79D78B028477EF5B33BA217A1282C78ACB344CF8A5ECF6"
deps = { std = "MoveStdlib", sui = "Sui" }

[pinned.mainnet.mcms_1]
source = { local = "../../mcms/mcms" }
use_environment = "mainnet"
manifest_digest = "E41BBD67BE8940D26C79D78B028477EF5B33BA217A1282C78ACB344CF8A5ECF6"
deps = { std = "MoveStdlib", sui = "Sui" }
