# @generated by Move, please check-in and do not edit manually.

[move]
version = 3
manifest_digest = "D880132BACD05611496CF802EBAEDB47E3DADEDFF4C986531E3B92A2E20A3680"
deps_digest = "3C4103934B1E040BB6B23F1D610B4EF9F2F1166A50A104EADCF77467C004C600"
dependencies = [
  { id = "Sui", name = "Sui" },
  { id = "counterA", name = "counterA" },
]

[[move.package]]
id = "MoveStdlib"
source = { git = "https://github.com/MystenLabs/sui.git", rev = "framework/mainnet", subdir = "crates/sui-framework/packages/move-stdlib" }

[[move.package]]
id = "Sui"
source = { git = "https://github.com/MystenLabs/sui.git", rev = "framework/mainnet", subdir = "crates/sui-framework/packages/sui-framework" }

dependencies = [
  { id = "MoveStdlib", name = "MoveStdlib" },
]

[[move.package]]
id = "counterA"
source = { local = "../counter_a" }

dependencies = [
  { id = "Sui", name = "Sui" },
]

[move.toolchain-version]
compiler-version = "1.58.1"
edition = "2024.beta"
flavor = "sui"

[env]

[env.local]
chain-id = "414748ed"
original-published-id = "0x95b3c34dc5428d9feaaea6828fb0ce26bc4b4b9c8d0b256c48c0a8eba8eb3682"
latest-published-id = "0x95b3c34dc5428d9feaaea6828fb0ce26bc4b4b9c8d0b256c48c0a8eba8eb3682"
published-version = "1"

[env.testnet]
chain-id = "4c78adac"
original-published-id = "0x0000000000000000000000000000000000000000000000000000000000000000"
latest-published-id = "0x6401ccc7dc1964ff67409b8c69f43f6f466cb988dd4618a74f1dd3ac9fa9db59"
published-version = "1"
