# @generated by Move, please check-in and do not edit manually.

[move]
version = 3
manifest_digest = "961DCAE8A4BAF90AB2E38F1BDECF79D68CCD159FBAAC9ACC47104DBD53BEF537"
deps_digest = "F8BBB0CCB2491CA29A3DF03D6F92277A4F3574266507ACD77214D37ECA3F3082"
dependencies = [
  { id = "Sui", name = "Sui" },
]

[[move.package]]
id = "MoveStdlib"
source = { git = "https://github.com/MystenLabs/sui.git", rev = "framework/mainnet", subdir = "crates/sui-framework/packages/move-stdlib" }

[[move.package]]
id = "Sui"
source = { git = "https://github.com/MystenLabs/sui.git", rev = "framework/mainnet", subdir = "crates/sui-framework/packages/sui-framework" }

dependencies = [
  { id = "MoveStdlib", name = "MoveStdlib" },
]

[move.toolchain-version]
compiler-version = "1.44.3"
edition = "2024"
flavor = "sui"

[env]

[env.localnet]
chain-id = "e50f61af"
original-published-id = "0x96c882972822822634c8bf7b93d35398ebaf01bdfc5d98b4ae971c73a7e5398a"
latest-published-id = "0x96c882972822822634c8bf7b93d35398ebaf01bdfc5d98b4ae971c73a7e5398a"
published-version = "1"
