# @generated by Move, please check-in and do not edit manually.

[move]
version = 3
manifest_digest = "ED08DB00A922D7917DA273CF2F267020FFD7D15A66593FBC316896858DF671E2"
deps_digest = "F8BBB0CCB2491CA29A3DF03D6F92277A4F3574266507ACD77214D37ECA3F3082"
dependencies = [
  { id = "Sui", name = "Sui" },
]

[[move.package]]
id = "MoveStdlib"
source = { git = "https://github.com/MystenLabs/sui.git", rev = "framework/mainnet", subdir = "crates/sui-framework/packages/move-stdlib" }

[[move.package]]
id = "Sui"
source = { git = "https://github.com/MystenLabs/sui.git", rev = "framework/mainnet", subdir = "crates/sui-framework/packages/sui-framework" }

dependencies = [
  { id = "MoveStdlib", name = "MoveStdlib" },
]

[move.toolchain-version]
compiler-version = "1.50.1"
edition = "2024.beta"
flavor = "sui"

[env]

[env.local]
chain-id = "74a61d87"
original-published-id = "0x9465e4787712f0c439fec32a15e24e142a05aa4b04088bfc0f71da13c8791a7f"
latest-published-id = "0x9465e4787712f0c439fec32a15e24e142a05aa4b04088bfc0f71da13c8791a7f"
published-version = "1"

[env.localnet]
chain-id = "1540d537"
original-published-id = "0xdf5c9ac12febf7763e544b97f1628de3179c863a1cda865a49df01ea0fe62e4d"
latest-published-id = "0xdf5c9ac12febf7763e544b97f1628de3179c863a1cda865a49df01ea0fe62e4d"
published-version = "1"
