# @generated by Move, please check-in and do not edit manually.

[move]
version = 3
manifest_digest = "ED08DB00A922D7917DA273CF2F267020FFD7D15A66593FBC316896858DF671E2"
deps_digest = "F8BBB0CCB2491CA29A3DF03D6F92277A4F3574266507ACD77214D37ECA3F3082"
dependencies = [
  { id = "Sui", name = "Sui" },
]

[[move.package]]
id = "MoveStdlib"
source = { git = "https://github.com/MystenLabs/sui.git", rev = "framework/mainnet", subdir = "crates/sui-framework/packages/move-stdlib" }

[[move.package]]
id = "Sui"
source = { git = "https://github.com/MystenLabs/sui.git", rev = "framework/mainnet", subdir = "crates/sui-framework/packages/sui-framework" }

dependencies = [
  { id = "MoveStdlib", name = "MoveStdlib" },
]

[move.toolchain-version]
compiler-version = "1.45.0"
edition = "2024.beta"
flavor = "sui"

[env]

[env.localnet]
chain-id = "b4ef1d58"
original-published-id = "0xfb6ba8584a431c39d0592c82fc1346b84c078aa9a95e728f88b4be9bcbb43c5b"
latest-published-id = "0xfb6ba8584a431c39d0592c82fc1346b84c078aa9a95e728f88b4be9bcbb43c5b"
published-version = "1"

[env.devnet]
chain-id = "053c32ad"
original-published-id = "0x476dee4c8e4f8147b42b9034ec45ff40a837e61b211f944f6b1ad7d8d51aec9d"
latest-published-id = "0x476dee4c8e4f8147b42b9034ec45ff40a837e61b211f944f6b1ad7d8d51aec9d"
published-version = "1"

[env.testnet]
chain-id = "4c78adac"
original-published-id = "0x390684e5ba234fe7ef8a95b438e0b1a34af423129f8fc601ba2e960197ec78bb"
latest-published-id = "0x390684e5ba234fe7ef8a95b438e0b1a34af423129f8fc601ba2e960197ec78bb"
published-version = "1"
