# @generated by Move, please check-in and do not edit manually.

[move]
version = 3
manifest_digest = "DE70707483EE710CDC05DC1ADC2CBA51F352834CD79DBD4CC9EC93B44DE1A572"
deps_digest = "CAFAD8A7CF51067FB4358215BECB86BD100DD64E57C2AC8A7AE7D74B688F5965"
dependencies = [
  { id = "Bridge", name = "Bridge" },
  { id = "CCIPDynamicDispatcher", name = "CCIPDynamicDispatcher" },
  { id = "ChainlinkCCIP", name = "ChainlinkCCIP" },
  { id = "ChainlinkCCIPOnramp", name = "ChainlinkCCIPOnramp" },
  { id = "MoveStdlib", name = "MoveStdlib" },
  { id = "Sui", name = "Sui" },
  { id = "SuiSystem", name = "SuiSystem" },
]

[[move.package]]
id = "Bridge"
source = { git = "https://github.com/MystenLabs/sui.git", rev = "fbb68879cbd1", subdir = "crates/sui-framework/packages/bridge" }

dependencies = [
  { id = "MoveStdlib", name = "MoveStdlib" },
  { id = "Sui", name = "Sui" },
  { id = "SuiSystem", name = "SuiSystem" },
]

[[move.package]]
id = "CCIPDynamicDispatcher"
source = { local = "../dynamic_dispatcher" }

dependencies = [
  { id = "Bridge", name = "Bridge" },
  { id = "ChainlinkCCIP", name = "ChainlinkCCIP" },
  { id = "MoveStdlib", name = "MoveStdlib" },
  { id = "Sui", name = "Sui" },
  { id = "SuiSystem", name = "SuiSystem" },
]

[[move.package]]
id = "CCIPTokenPool"
source = { local = "../ccip_token_pools/token_pool" }

dependencies = [
  { id = "Bridge", name = "Bridge" },
  { id = "ChainlinkCCIP", name = "ChainlinkCCIP" },
  { id = "MoveStdlib", name = "MoveStdlib" },
  { id = "Sui", name = "Sui" },
  { id = "SuiSystem", name = "SuiSystem" },
]

[[move.package]]
id = "ChainlinkCCIP"
source = { local = "../ccip" }

dependencies = [
  { id = "Bridge", name = "Bridge" },
  { id = "ChainlinkManyChainMultisig", name = "ChainlinkManyChainMultisig" },
  { id = "MoveStdlib", name = "MoveStdlib" },
  { id = "Sui", name = "Sui" },
  { id = "SuiSystem", name = "SuiSystem" },
]

[[move.package]]
id = "ChainlinkCCIPOnramp"
source = { local = "../ccip_onramp" }

dependencies = [
  { id = "Bridge", name = "Bridge" },
  { id = "CCIPDynamicDispatcher", name = "CCIPDynamicDispatcher" },
  { id = "CCIPTokenPool", name = "CCIPTokenPool" },
  { id = "ChainlinkCCIP", name = "ChainlinkCCIP" },
  { id = "MoveStdlib", name = "MoveStdlib" },
  { id = "Sui", name = "Sui" },
  { id = "SuiSystem", name = "SuiSystem" },
]

[[move.package]]
id = "ChainlinkManyChainMultisig"
source = { local = "../../mcms/mcms" }

dependencies = [
  { id = "Bridge", name = "Bridge" },
  { id = "MoveStdlib", name = "MoveStdlib" },
  { id = "Sui", name = "Sui" },
  { id = "SuiSystem", name = "SuiSystem" },
]

[[move.package]]
id = "MoveStdlib"
source = { git = "https://github.com/MystenLabs/sui.git", rev = "fbb68879cbd1", subdir = "crates/sui-framework/packages/move-stdlib" }

[[move.package]]
id = "Sui"
source = { git = "https://github.com/MystenLabs/sui.git", rev = "fbb68879cbd1", subdir = "crates/sui-framework/packages/sui-framework" }

dependencies = [
  { id = "MoveStdlib", name = "MoveStdlib" },
]

[[move.package]]
id = "SuiSystem"
source = { git = "https://github.com/MystenLabs/sui.git", rev = "fbb68879cbd1", subdir = "crates/sui-framework/packages/sui-system" }

dependencies = [
  { id = "MoveStdlib", name = "MoveStdlib" },
  { id = "Sui", name = "Sui" },
]

[move.toolchain-version]
compiler-version = "1.47.1"
edition = "2024.beta"
flavor = "sui"
