# @generated by Move, please check-in and do not edit manually.

[move]
version = 3
manifest_digest = "502C3C5216D37354F578420A41FA4EAEE70C268834D0B9D43468D5C796764083"
deps_digest = "F8BBB0CCB2491CA29A3DF03D6F92277A4F3574266507ACD77214D37ECA3F3082"
dependencies = [
  { id = "Sui", name = "Sui" },
]

[[move.package]]
id = "MoveStdlib"
source = { git = "https://github.com/MystenLabs/sui.git", rev = "framework/mainnet", subdir = "crates/sui-framework/packages/move-stdlib" }

[[move.package]]
id = "Sui"
source = { git = "https://github.com/MystenLabs/sui.git", rev = "framework/mainnet", subdir = "crates/sui-framework/packages/sui-framework" }

dependencies = [
  { id = "MoveStdlib", name = "MoveStdlib" },
]

[move.toolchain-version]
compiler-version = "1.58.1"
edition = "2024.beta"
flavor = "sui"

[env]

[env.local]
chain-id = "414748ed"
original-published-id = "0xb32d9ae4c107a873769fe51029dc14130022ef832e2ffab5aeccd3df2561f735"
latest-published-id = "0xcbfba66645d9e71a2f4305d4311ae55d38f83a1dc82e347fd8722f7382736dad"
published-version = "2"

[env.testnet]
chain-id = "4c78adac"
original-published-id = "0x4f9a563b120c09717b76662b4256b10f470abdaf8dc10f0239e6ab5d744ce45e"
latest-published-id = "0x4c43754f0bf40d1db7b82b977f784b2e26c181d46d162f132333a42b0ee00294"
published-version = "2"
