# @generated by Move, please check-in and do not edit manually.

[move]
version = 3
manifest_digest = "C33ADA856F596AD0A564FAC3B2644AB8BEF75EA6DBEB4EB0F6559B76A30A480C"
deps_digest = "04732BFEF428F74DE262001DC455D76B909EBC394B034A9A15CC095E4BDD9CEF"
dependencies = [
  { id = "Bridge", name = "Bridge" },
  { id = "ChainlinkCCIP", name = "ChainlinkCCIP" },
  { id = "ChainlinkManyChainMultisig", name = "ChainlinkManyChainMultisig" },
  { id = "MessageTransmitter", name = "MessageTransmitter" },
  { id = "MoveStdlib", name = "MoveStdlib" },
  { id = "Sui", name = "Sui" },
  { id = "SuiSystem", name = "SuiSystem" },
  { id = "TokenMessengerMinter", name = "TokenMessengerMinter" },
]

[[move.package]]
id = "Bridge"
source = { git = "https://github.com/MystenLabs/sui.git", rev = "d75fae3aa7fa3545b5803980a1e0c965b8bbf48e", subdir = "crates/sui-framework/packages/bridge" }

dependencies = [
  { id = "MoveStdlib", name = "MoveStdlib" },
  { id = "Sui", name = "Sui" },
  { id = "SuiSystem", name = "SuiSystem" },
]

[[move.package]]
id = "ChainlinkCCIP"
source = { local = "../../ccip" }

dependencies = [
  { id = "Bridge", name = "Bridge" },
  { id = "ChainlinkManyChainMultisig", name = "ChainlinkManyChainMultisig" },
  { id = "MoveStdlib", name = "MoveStdlib" },
  { id = "Sui", name = "Sui" },
  { id = "SuiSystem", name = "SuiSystem" },
]

[[move.package]]
id = "ChainlinkManyChainMultisig"
source = { local = "../../../mcms/mcms" }

dependencies = [
  { id = "Bridge", name = "Bridge" },
  { id = "MoveStdlib", name = "MoveStdlib" },
  { id = "Sui", name = "Sui" },
  { id = "SuiSystem", name = "SuiSystem" },
]

[[move.package]]
id = "MessageTransmitter"
source = { local = "../../../vendored/circlefin/sui-cctp/packages/message_transmitter" }

dependencies = [
  { id = "Bridge", name = "Bridge" },
  { id = "MoveStdlib", name = "MoveStdlib" },
  { id = "Sui", name = "Sui" },
  { id = "SuiSystem", name = "SuiSystem" },
  { id = "sui_extensions", name = "sui_extensions" },
]

[[move.package]]
id = "MoveStdlib"
source = { git = "https://github.com/MystenLabs/sui.git", rev = "d75fae3aa7fa3545b5803980a1e0c965b8bbf48e", subdir = "crates/sui-framework/packages/move-stdlib" }

[[move.package]]
id = "Sui"
source = { git = "https://github.com/MystenLabs/sui.git", rev = "d75fae3aa7fa3545b5803980a1e0c965b8bbf48e", subdir = "crates/sui-framework/packages/sui-framework" }

dependencies = [
  { id = "MoveStdlib", name = "MoveStdlib" },
]

[[move.package]]
id = "SuiSystem"
source = { git = "https://github.com/MystenLabs/sui.git", rev = "d75fae3aa7fa3545b5803980a1e0c965b8bbf48e", subdir = "crates/sui-framework/packages/sui-system" }

dependencies = [
  { id = "MoveStdlib", name = "MoveStdlib" },
  { id = "Sui", name = "Sui" },
]

[[move.package]]
id = "TokenMessengerMinter"
source = { local = "../../../vendored/circlefin/sui-cctp/packages/token_messenger_minter" }

dependencies = [
  { id = "Bridge", name = "Bridge" },
  { id = "MessageTransmitter", name = "MessageTransmitter" },
  { id = "MoveStdlib", name = "MoveStdlib" },
  { id = "Sui", name = "Sui" },
  { id = "SuiSystem", name = "SuiSystem" },
  { id = "stablecoin", name = "stablecoin" },
  { id = "sui_extensions", name = "sui_extensions" },
]

[[move.package]]
id = "stablecoin"
source = { local = "../../../vendored/circlefin/stablecoin-sui/packages/stablecoin" }

dependencies = [
  { id = "Bridge", name = "Bridge" },
  { id = "MoveStdlib", name = "MoveStdlib" },
  { id = "Sui", name = "Sui" },
  { id = "SuiSystem", name = "SuiSystem" },
  { id = "sui_extensions", name = "sui_extensions" },
]

[[move.package]]
id = "sui_extensions"
source = { local = "../../../vendored/circlefin/stablecoin-sui/packages/sui_extensions" }

dependencies = [
  { id = "Bridge", name = "Bridge" },
  { id = "MoveStdlib", name = "MoveStdlib" },
  { id = "Sui", name = "Sui" },
  { id = "SuiSystem", name = "SuiSystem" },
]

[move.toolchain-version]
compiler-version = "1.60.0"
edition = "2024"
flavor = "sui"
