# @generated by Move, please check-in and do not edit manually.

[move]
version = 3
manifest_digest = "41D94F503D5CF50F272937BD3BEF58B12EF2F8040B00AA1B56A16D33E19AAD10"
deps_digest = "F8BBB0CCB2491CA29A3DF03D6F92277A4F3574266507ACD77214D37ECA3F3082"
dependencies = [
  { id = "Sui", name = "Sui" },
]

[[move.package]]
id = "MoveStdlib"
source = { git = "https://github.com/MystenLabs/sui.git", rev = "framework/mainnet", subdir = "crates/sui-framework/packages/move-stdlib" }

[[move.package]]
id = "Sui"
source = { git = "https://github.com/MystenLabs/sui.git", rev = "framework/mainnet", subdir = "crates/sui-framework/packages/sui-framework" }

dependencies = [
  { id = "MoveStdlib", name = "MoveStdlib" },
]

[move.toolchain-version]
compiler-version = "1.45.3"
edition = "2024.beta"
flavor = "sui"

[env]

[env.devnet]
chain-id = "8d119d9c"
original-published-id = "0xfed029114a84e4c68944c057163244fbd3055ccbd4a93de3d3317caaa67799a0"
latest-published-id = "0xfed029114a84e4c68944c057163244fbd3055ccbd4a93de3d3317caaa67799a0"
published-version = "1"
