# @generated by Move, please check-in and do not edit manually.

[move]
version = 3
manifest_digest = "6E407C0F18E0A51B93CFC432CB3EA71B9882F1E1C6E49467EB410C2E28CBFA06"
deps_digest = "F8BBB0CCB2491CA29A3DF03D6F92277A4F3574266507ACD77214D37ECA3F3082"
dependencies = [
  { id = "Sui", name = "Sui" },
]

[[move.package]]
id = "MoveStdlib"
source = { git = "https://github.com/MystenLabs/sui.git", rev = "framework/mainnet", subdir = "crates/sui-framework/packages/move-stdlib" }

[[move.package]]
id = "Sui"
source = { git = "https://github.com/MystenLabs/sui.git", rev = "framework/mainnet", subdir = "crates/sui-framework/packages/sui-framework" }

dependencies = [
  { id = "MoveStdlib", name = "MoveStdlib" },
]

[move.toolchain-version]
compiler-version = "1.45.3"
edition = "2024.beta"
flavor = "sui"

[env]

[env.devnet]
chain-id = "8d119d9c"
original-published-id = "0x4bce1131f06ea4c1a721b4c37d4cb97ab4a7df85c414a68fd425f0fb89f8835c"
latest-published-id = "0x4bce1131f06ea4c1a721b4c37d4cb97ab4a7df85c414a68fd425f0fb89f8835c"
published-version = "1"
