# @generated by Move, please check-in and do not edit manually.

[move]
version = 3
manifest_digest = "B29720689EA7E4DB28BEF40C663B1F408ADFCB3F71CDA0D618AD3661A6E79A91"
deps_digest = "52B406A7A21811BEF51751CF88DA0E76DAEFFEAC888D4F4060B1A72BBE7D8D35"
dependencies = [
  { id = "Bridge", name = "Bridge" },
  { id = "ChainlinkCCIP", name = "ChainlinkCCIP" },
  { id = "ChainlinkManyChainMultisig", name = "ChainlinkManyChainMultisig" },
  { id = "MoveStdlib", name = "MoveStdlib" },
  { id = "Sui", name = "Sui" },
  { id = "SuiSystem", name = "SuiSystem" },
]

[[move.package]]
id = "Bridge"
source = { git = "https://github.com/MystenLabs/sui.git", rev = "d75fae3aa7fa3545b5803980a1e0c965b8bbf48e", subdir = "crates/sui-framework/packages/bridge" }

dependencies = [
  { id = "MoveStdlib", name = "MoveStdlib" },
  { id = "Sui", name = "Sui" },
  { id = "SuiSystem", name = "SuiSystem" },
]

[[move.package]]
id = "ChainlinkCCIP"
source = { local = "../ccip" }

dependencies = [
  { id = "Bridge", name = "Bridge" },
  { id = "ChainlinkManyChainMultisig", name = "ChainlinkManyChainMultisig" },
  { id = "MoveStdlib", name = "MoveStdlib" },
  { id = "Sui", name = "Sui" },
  { id = "SuiSystem", name = "SuiSystem" },
]

[[move.package]]
id = "ChainlinkManyChainMultisig"
source = { local = "../../mcms/mcms" }

dependencies = [
  { id = "Bridge", name = "Bridge" },
  { id = "MoveStdlib", name = "MoveStdlib" },
  { id = "Sui", name = "Sui" },
  { id = "SuiSystem", name = "SuiSystem" },
]

[[move.package]]
id = "MoveStdlib"
source = { git = "https://github.com/MystenLabs/sui.git", rev = "d75fae3aa7fa3545b5803980a1e0c965b8bbf48e", subdir = "crates/sui-framework/packages/move-stdlib" }

[[move.package]]
id = "Sui"
source = { git = "https://github.com/MystenLabs/sui.git", rev = "d75fae3aa7fa3545b5803980a1e0c965b8bbf48e", subdir = "crates/sui-framework/packages/sui-framework" }

dependencies = [
  { id = "MoveStdlib", name = "MoveStdlib" },
]

[[move.package]]
id = "SuiSystem"
source = { git = "https://github.com/MystenLabs/sui.git", rev = "d75fae3aa7fa3545b5803980a1e0c965b8bbf48e", subdir = "crates/sui-framework/packages/sui-system" }

dependencies = [
  { id = "MoveStdlib", name = "MoveStdlib" },
  { id = "Sui", name = "Sui" },
]

[move.toolchain-version]
compiler-version = "1.60.0"
edition = "2024"
flavor = "sui"
